{
	"name": "simpleclaw",
	"version": "1.0.0",
	"lockfileVersion": 3,
	"requires": true,
	"packages": {
		"": {
			"name": "simpleclaw",
			"version": "1.0.0",
			"dependencies": {
				"@kilocode/cli": "^7.1.9"
			}
		},
		"node_modules/@kilocode/cli": {
			"version": "7.1.9",
			"resolved": "https://registry.npmjs.org/@kilocode/cli/-/cli-7.1.9.tgz",
			"integrity": "sha512-ZfbNvMOo8yTJ5MBC0rGkzrGGGavtDovqqQPsfYykFEgyKsDBozCfU+L9Z1+2XfOt9zVsov9O8FSJDbbqSjLKAA==",
			"hasInstallScript": true,
			"license": "MIT",
			"bin": {
				"kilo": "bin/kilo",
				"kilocode": "bin/kilo"
			},
			"optionalDependencies": {
				"@kilocode/cli-darwin-arm64": "7.1.9",
				"@kilocode/cli-darwin-x64": "7.1.9",
				"@kilocode/cli-darwin-x64-baseline": "7.1.9",
				"@kilocode/cli-linux-arm64": "7.1.9",
				"@kilocode/cli-linux-arm64-musl": "7.1.9",
				"@kilocode/cli-linux-x64": "7.1.9",
				"@kilocode/cli-linux-x64-baseline": "7.1.9",
				"@kilocode/cli-linux-x64-baseline-musl": "7.1.9",
				"@kilocode/cli-linux-x64-musl": "7.1.9",
				"@kilocode/cli-windows-arm64": "7.1.9",
				"@kilocode/cli-windows-x64": "7.1.9",
				"@kilocode/cli-windows-x64-baseline": "7.1.9"
			}
		},
		"node_modules/@kilocode/cli-darwin-arm64": {
			"version": "7.1.9",
			"resolved": "https://registry.npmjs.org/@kilocode/cli-darwin-arm64/-/cli-darwin-arm64-7.1.9.tgz",
			"integrity": "sha512-nO2FDhglUZT9Nt05VUXmJCjaQOvJ8NLpIxM9Fo28sOUHntjA5nSNnzUuiUeXBFUyoFW4ZKG6Pq062xMbww3GOA==",
			"cpu": [
				"arm64"
			],
			"optional": true,
			"os": [
				"darwin"
			]
		},
		"node_modules/@kilocode/cli-darwin-x64": {
			"version": "7.1.9",
			"resolved": "https://registry.npmjs.org/@kilocode/cli-darwin-x64/-/cli-darwin-x64-7.1.9.tgz",
			"integrity": "sha512-WVTkQ1/O9gGD2gsPCec0NNU5JrGGHWnLK17iO7eMKrQFz56B6ejwTn/jxDB+6a08+NPoaKSwM0p97P6k5IDjJw==",
			"cpu": [
				"x64"
			],
			"optional": true,
			"os": [
				"darwin"
			]
		},
		"node_modules/@kilocode/cli-darwin-x64-baseline": {
			"version": "7.1.9",
			"resolved": "https://registry.npmjs.org/@kilocode/cli-darwin-x64-baseline/-/cli-darwin-x64-baseline-7.1.9.tgz",
			"integrity": "sha512-sdViG1JIGwkqkDjDJuBiF2H9vF27FdO5QmfeSanH1OqdFnsgwogcQV+wFm//0aaS+yWNb9tqe2MjfYvVEqBXjQ==",
			"cpu": [
				"x64"
			],
			"optional": true,
			"os": [
				"darwin"
			]
		},
		"node_modules/@kilocode/cli-linux-arm64": {
			"version": "7.1.9",
			"resolved": "https://registry.npmjs.org/@kilocode/cli-linux-arm64/-/cli-linux-arm64-7.1.9.tgz",
			"integrity": "sha512-9ix+uc6eJVh0t53XbHij7Fz7iN4bFl4pOMHHwMHHSVFqBFvj5aA7OH1rn1XdjHhFIvxWcBfnlaz3O5Ye2531cQ==",
			"cpu": [
				"arm64"
			],
			"optional": true,
			"os": [
				"linux"
			]
		},
		"node_modules/@kilocode/cli-linux-arm64-musl": {
			"version": "7.1.9",
			"resolved": "https://registry.npmjs.org/@kilocode/cli-linux-arm64-musl/-/cli-linux-arm64-musl-7.1.9.tgz",
			"integrity": "sha512-+Ht8oTsbgiurtmYTnPI0IIpfeTMvIPZpxnhP6ARY5cnOaK8ni3syPiIg0ROzjPG20O0c6lu9MqFv67X1PdIKRQ==",
			"cpu": [
				"arm64"
			],
			"optional": true,
			"os": [
				"linux"
			]
		},
		"node_modules/@kilocode/cli-linux-x64": {
			"version": "7.1.9",
			"resolved": "https://registry.npmjs.org/@kilocode/cli-linux-x64/-/cli-linux-x64-7.1.9.tgz",
			"integrity": "sha512-2HVdDFsVeVJ7Q/CTlmEAS8qQTnII2ODj5dALgt0fAsJrNdcwoaceAHs2+u64fzoU24tLt/u9bIxwUvih6BIlgQ==",
			"cpu": [
				"x64"
			],
			"optional": true,
			"os": [
				"linux"
			]
		},
		"node_modules/@kilocode/cli-linux-x64-baseline": {
			"version": "7.1.9",
			"resolved": "https://registry.npmjs.org/@kilocode/cli-linux-x64-baseline/-/cli-linux-x64-baseline-7.1.9.tgz",
			"integrity": "sha512-63bDj148g2XcbI1VSasY6LLN1WiJ2kQwHqgDETheJ6lgHDZU6T42qyj7BtLW7R2Xrkb0nkP69TgMhyHEs0ajjg==",
			"cpu": [
				"x64"
			],
			"optional": true,
			"os": [
				"linux"
			]
		},
		"node_modules/@kilocode/cli-linux-x64-baseline-musl": {
			"version": "7.1.9",
			"resolved": "https://registry.npmjs.org/@kilocode/cli-linux-x64-baseline-musl/-/cli-linux-x64-baseline-musl-7.1.9.tgz",
			"integrity": "sha512-u7Xz8F3iv9eVi44H2FdnZJI/IoQORSkCHRQI05/WDxO5vynaLxHM1uz4W3xiwRPPh6WSy8bRcoF7ie++0J3dJQ==",
			"cpu": [
				"x64"
			],
			"optional": true,
			"os": [
				"linux"
			]
		},
		"node_modules/@kilocode/cli-linux-x64-musl": {
			"version": "7.1.9",
			"resolved": "https://registry.npmjs.org/@kilocode/cli-linux-x64-musl/-/cli-linux-x64-musl-7.1.9.tgz",
			"integrity": "sha512-Ao1cDfte0LttqwXCirSJOWQBlGN/4stTDN0Dz06Jcee4HLvJ8BLpLubaWXOSv3IFEYYIMbs54/V27Tpo99nzYw==",
			"cpu": [
				"x64"
			],
			"optional": true,
			"os": [
				"linux"
			]
		},
		"node_modules/@kilocode/cli-windows-arm64": {
			"version": "7.1.9",
			"resolved": "https://registry.npmjs.org/@kilocode/cli-windows-arm64/-/cli-windows-arm64-7.1.9.tgz",
			"integrity": "sha512-U8aDPqS9JpS+AWW8aCpLYAA3Hs3Xx44zd2PmCYjfnd7iDQ/AcWyGkSlDR8mxCHvb5vRQ8QJgG4ripN+sSRwFEw==",
			"cpu": [
				"arm64"
			],
			"optional": true,
			"os": [
				"win32"
			]
		},
		"node_modules/@kilocode/cli-windows-x64": {
			"version": "7.1.9",
			"resolved": "https://registry.npmjs.org/@kilocode/cli-windows-x64/-/cli-windows-x64-7.1.9.tgz",
			"integrity": "sha512-oSYDbclzvQh7y5NZSMQGauZCq/TVU13t9o/KdZnwNOl2m67eQgEyyiLshp6ACBmzJwqk8v5sZQYzdSkPcpLucA==",
			"cpu": [
				"x64"
			],
			"optional": true,
			"os": [
				"win32"
			]
		},
		"node_modules/@kilocode/cli-windows-x64-baseline": {
			"version": "7.1.9",
			"resolved": "https://registry.npmjs.org/@kilocode/cli-windows-x64-baseline/-/cli-windows-x64-baseline-7.1.9.tgz",
			"integrity": "sha512-3u6AcTvnsFP4VUl0y515WiH5OKmldwNsIPx6VGWO3YiFUZrLi5b4TC7ismfGmkNmFhPBpWtkn+GwDM+PBTmIkQ==",
			"cpu": [
				"x64"
			],
			"optional": true,
			"os": [
				"win32"
			]
		}
	}
}
